<?xml version="1.0" encoding="utf-8"?>
<Project ToolsVersion="4.0" xmlns="http://schemas.microsoft.com/developer/msbuild/2003">
  <ItemGroup>
    <ClCompile Include="main.cpp" />
    <ClCompile Include="Texture.cpp" />
    <ClCompile Include="Randomizer.cpp" />
    <ClCompile Include="KickTable.cpp" />
    <ClCompile Include="TetrisGame.cpp" />
    <ClCompile Include="Tetrimino.cpp" />
    <ClCompile Include="LineClearInfoTable.cpp" />
    <ClCompile Include="TetrisRenderer.cpp" />
    <ClCompile Include="PlayField.cpp" />
    <ClCompile Include="UI.cpp" />
    <ClCompile Include="SprintTimer.cpp" />
    <ClCompile Include="ScoreKeeper.cpp" />
    <ClCompile Include="FiniteStateMachine.cpp" />
    <ClCompile Include="StateMainMenu.cpp" />
    <ClCompile Include="Application.cpp" />
    <ClCompile Include="StateSprintMode.cpp" />
    <ClCompile Include="StateInfiniteMode.cpp" />
    <ClCompile Include="StateOptions.cpp" />
    <ClCompile Include="StringTable.cpp" />
    <ClCompile Include="Options.cpp" />
    <ClCompile Include="Pch.cpp" />
    <ClCompile Include="StateOnePlayer.cpp" />
  </ItemGroup>
  <ItemGroup>
    <ClInclude Include="PresetBoards.h" />
    <ClInclude Include="TetrisGame.h" />
    <ClInclude Include="Texture.h" />
    <ClInclude Include="Tetrimino.h" />
    <ClInclude Include="PlayField.h" />
    <ClInclude Include="LineClearInfoTable.h" />
    <ClInclude Include="ScoreKeeper.h" />
    <ClInclude Include="Randomizer.h" />
    <ClInclude Include="KickTable.h" />
    <ClInclude Include="TetrisRenderer.h" />
    <ClInclude Include="UI.h" />
    <ClInclude Include="SprintTimer.h" />
    <ClInclude Include="TimerTime.h" />
    <ClInclude Include="FiniteStateMachine.h" />
    <ClInclude Include="StateMainMenu.h" />
    <ClInclude Include="Application.h" />
    <ClInclude Include="StateSprintMode.h" />
    <ClInclude Include="StateInfiniteMode.h" />
    <ClInclude Include="StateOptions.h" />
    <ClInclude Include="Options.h" />
    <ClInclude Include="StringTable.h" />
    <ClInclude Include="StateBattle.h" />
    <ClInclude Include="StateOnePlayer.h" />
    <ClInclude Include="Pch.h" />
  </ItemGroup>
</Project>